
Microsoft Visual Studio Solution File, Format Version 12.00
# Visual Studio Version 17
VisualStudioVersion = 17.8.34316.72
MinimumVisualStudioVersion = 10.0.40219.1
Project("{FAE04EC0-301F-11D3-BF4B-00C04F79EFBC}") = "website", "website\website.csproj", "{525DE4B9-FB93-4CCA-905F-77612D27256A}"
EndProject
Global
	GlobalSection(SolutionConfigurationPlatforms) = preSolution
		Debug|Any CPU = Debug|Any CPU
		Release|Any CPU = Release|Any CPU
	EndGlobalSection
	GlobalSection(ProjectConfigurationPlatforms) = postSolution
		{525DE4B9-FB93-4CCA-905F-77612D27256A}.Debug|Any CPU.ActiveCfg = Debug|Any CPU
		{525DE4B9-FB93-4CCA-905F-77612D27256A}.Debug|Any CPU.Build.0 = Debug|Any CPU
		{525DE4B9-FB93-4CCA-905F-77612D27256A}.Release|Any CPU.ActiveCfg = Release|Any CPU
		{525DE4B9-FB93-4CCA-905F-77612D27256A}.Release|Any CPU.Build.0 = Release|Any CPU
	EndGlobalSection
	GlobalSection(SolutionProperties) = preSolution
		HideSolutionNode = FALSE
	EndGlobalSection
	GlobalSection(ExtensibilityGlobals) = postSolution
		SolutionGuid = {93667156-A41F-4342-A5B2-38AC9E4A9888}
	EndGlobalSection
EndGlobal
